
Microsoft Visual Studio Solution File, Format Version 12.00
# Visual Studio 15
VisualStudioVersion = 15.0.27130.2036
MinimumVisualStudioVersion = 10.0.40219.1
Project("{2150E333-8FDC-42A3-9474-1A3956D46DE8}") = "Engine", "Engine", "{89500E11-C45D-4453-8EF4-C2B41394A08C}"
EndProject
Project("{2150E333-8FDC-42A3-9474-1A3956D46DE8}") = "Games", "Games", "{E95AEF7C-5D21-421E-96EB-5CF929B584A0}"
EndProject
Project("{8BC9CEB8-8B4A-11D0-8D11-00A0C91BC942}") = "UE4", "Intermediate\ProjectFiles\UE4.vcxproj", "{2A75AC30-6C87-43F6-8BC8-C994B9313078}"
EndProject
Project("{8BC9CEB8-8B4A-11D0-8D11-00A0C91BC942}") = "SwampMan", "Intermediate\ProjectFiles\SwampMan.vcxproj", "{B0CB02DE-7CAE-4906-8FD6-9B564EBD2211}"
EndProject
Global
	GlobalSection(SolutionConfigurationPlatforms) = preSolution
		DebugGame Editor|HTML5 = DebugGame Editor|HTML5
		DebugGame Editor|Win32 = DebugGame Editor|Win32
		DebugGame Editor|Win64 = DebugGame Editor|Win64
		DebugGame|HTML5 = DebugGame|HTML5
		DebugGame|Win32 = DebugGame|Win32
		DebugGame|Win64 = DebugGame|Win64
		Development Editor|HTML5 = Development Editor|HTML5
		Development Editor|Win32 = Development Editor|Win32
		Development Editor|Win64 = Development Editor|Win64
		Development|HTML5 = Development|HTML5
		Development|Win32 = Development|Win32
		Development|Win64 = Development|Win64
		Shipping|HTML5 = Shipping|HTML5
		Shipping|Win32 = Shipping|Win32
		Shipping|Win64 = Shipping|Win64
	EndGlobalSection
	GlobalSection(ProjectConfigurationPlatforms) = postSolution
		{2A75AC30-6C87-43F6-8BC8-C994B9313078}.DebugGame Editor|HTML5.ActiveCfg = BuiltWithUnrealBuildTool|Win32
		{2A75AC30-6C87-43F6-8BC8-C994B9313078}.DebugGame Editor|HTML5.Build.0 = BuiltWithUnrealBuildTool|Win32
		{2A75AC30-6C87-43F6-8BC8-C994B9313078}.DebugGame Editor|Win32.ActiveCfg = BuiltWithUnrealBuildTool|Win32
		{2A75AC30-6C87-43F6-8BC8-C994B9313078}.DebugGame Editor|Win32.Build.0 = BuiltWithUnrealBuildTool|Win32
		{2A75AC30-6C87-43F6-8BC8-C994B9313078}.DebugGame Editor|Win64.ActiveCfg = BuiltWithUnrealBuildTool|Win32
		{2A75AC30-6C87-43F6-8BC8-C994B9313078}.DebugGame Editor|Win64.Build.0 = BuiltWithUnrealBuildTool|Win32
		{2A75AC30-6C87-43F6-8BC8-C994B9313078}.DebugGame|HTML5.ActiveCfg = BuiltWithUnrealBuildTool|Win32
		{2A75AC30-6C87-43F6-8BC8-C994B9313078}.DebugGame|HTML5.Build.0 = BuiltWithUnrealBuildTool|Win32
		{2A75AC30-6C87-43F6-8BC8-C994B9313078}.DebugGame|Win32.ActiveCfg = BuiltWithUnrealBuildTool|Win32
		{2A75AC30-6C87-43F6-8BC8-C994B9313078}.DebugGame|Win32.Build.0 = BuiltWithUnrealBuildTool|Win32
		{2A75AC30-6C87-43F6-8BC8-C994B9313078}.DebugGame|Win64.ActiveCfg = BuiltWithUnrealBuildTool|Win32
		{2A75AC30-6C87-43F6-8BC8-C994B9313078}.DebugGame|Win64.Build.0 = BuiltWithUnrealBuildTool|Win32
		{2A75AC30-6C87-43F6-8BC8-C994B9313078}.Development Editor|HTML5.ActiveCfg = BuiltWithUnrealBuildTool|Win32
		{2A75AC30-6C87-43F6-8BC8-C994B9313078}.Development Editor|HTML5.Build.0 = BuiltWithUnrealBuildTool|Win32
		{2A75AC30-6C87-43F6-8BC8-C994B9313078}.Development Editor|Win32.ActiveCfg = BuiltWithUnrealBuildTool|Win32
		{2A75AC30-6C87-43F6-8BC8-C994B9313078}.Development Editor|Win32.Build.0 = BuiltWithUnrealBuildTool|Win32
		{2A75AC30-6C87-43F6-8BC8-C994B9313078}.Development Editor|Win64.ActiveCfg = BuiltWithUnrealBuildTool|Win32
		{2A75AC30-6C87-43F6-8BC8-C994B9313078}.Development Editor|Win64.Build.0 = BuiltWithUnrealBuildTool|Win32
		{2A75AC30-6C87-43F6-8BC8-C994B9313078}.Development|HTML5.ActiveCfg = BuiltWithUnrealBuildTool|Win32
		{2A75AC30-6C87-43F6-8BC8-C994B9313078}.Development|HTML5.Build.0 = BuiltWithUnrealBuildTool|Win32
		{2A75AC30-6C87-43F6-8BC8-C994B9313078}.Development|Win32.ActiveCfg = BuiltWithUnrealBuildTool|Win32
		{2A75AC30-6C87-43F6-8BC8-C994B9313078}.Development|Win32.Build.0 = BuiltWithUnrealBuildTool|Win32
		{2A75AC30-6C87-43F6-8BC8-C994B9313078}.Development|Win64.ActiveCfg = BuiltWithUnrealBuildTool|Win32
		{2A75AC30-6C87-43F6-8BC8-C994B9313078}.Development|Win64.Build.0 = BuiltWithUnrealBuildTool|Win32
		{2A75AC30-6C87-43F6-8BC8-C994B9313078}.Shipping|HTML5.ActiveCfg = BuiltWithUnrealBuildTool|Win32
		{2A75AC30-6C87-43F6-8BC8-C994B9313078}.Shipping|HTML5.Build.0 = BuiltWithUnrealBuildTool|Win32
		{2A75AC30-6C87-43F6-8BC8-C994B9313078}.Shipping|Win32.ActiveCfg = BuiltWithUnrealBuildTool|Win32
		{2A75AC30-6C87-43F6-8BC8-C994B9313078}.Shipping|Win32.Build.0 = BuiltWithUnrealBuildTool|Win32
		{2A75AC30-6C87-43F6-8BC8-C994B9313078}.Shipping|Win64.ActiveCfg = BuiltWithUnrealBuildTool|Win32
		{2A75AC30-6C87-43F6-8BC8-C994B9313078}.Shipping|Win64.Build.0 = BuiltWithUnrealBuildTool|Win32
		{B0CB02DE-7CAE-4906-8FD6-9B564EBD2211}.DebugGame Editor|HTML5.ActiveCfg = HTML5_DebugGame_Editor|Win32
		{B0CB02DE-7CAE-4906-8FD6-9B564EBD2211}.DebugGame Editor|Win32.ActiveCfg = DebugGame_Editor|Win32
		{B0CB02DE-7CAE-4906-8FD6-9B564EBD2211}.DebugGame Editor|Win64.ActiveCfg = DebugGame_Editor|x64
		{B0CB02DE-7CAE-4906-8FD6-9B564EBD2211}.DebugGame Editor|Win64.Build.0 = DebugGame_Editor|x64
		{B0CB02DE-7CAE-4906-8FD6-9B564EBD2211}.DebugGame|HTML5.ActiveCfg = HTML5_DebugGame_Game|Win32
		{B0CB02DE-7CAE-4906-8FD6-9B564EBD2211}.DebugGame|HTML5.Build.0 = HTML5_DebugGame_Game|Win32
		{B0CB02DE-7CAE-4906-8FD6-9B564EBD2211}.DebugGame|Win32.ActiveCfg = DebugGame_Game|Win32
		{B0CB02DE-7CAE-4906-8FD6-9B564EBD2211}.DebugGame|Win32.Build.0 = DebugGame_Game|Win32
		{B0CB02DE-7CAE-4906-8FD6-9B564EBD2211}.DebugGame|Win64.ActiveCfg = DebugGame_Game|x64
		{B0CB02DE-7CAE-4906-8FD6-9B564EBD2211}.DebugGame|Win64.Build.0 = DebugGame_Game|x64
		{B0CB02DE-7CAE-4906-8FD6-9B564EBD2211}.Development Editor|HTML5.ActiveCfg = HTML5_Development_Editor|Win32
		{B0CB02DE-7CAE-4906-8FD6-9B564EBD2211}.Development Editor|Win32.ActiveCfg = Development_Editor|Win32
		{B0CB02DE-7CAE-4906-8FD6-9B564EBD2211}.Development Editor|Win64.ActiveCfg = Development_Editor|x64
		{B0CB02DE-7CAE-4906-8FD6-9B564EBD2211}.Development Editor|Win64.Build.0 = Development_Editor|x64
		{B0CB02DE-7CAE-4906-8FD6-9B564EBD2211}.Development|HTML5.ActiveCfg = HTML5_Development_Game|Win32
		{B0CB02DE-7CAE-4906-8FD6-9B564EBD2211}.Development|HTML5.Build.0 = HTML5_Development_Game|Win32
		{B0CB02DE-7CAE-4906-8FD6-9B564EBD2211}.Development|Win32.ActiveCfg = Development_Game|Win32
		{B0CB02DE-7CAE-4906-8FD6-9B564EBD2211}.Development|Win32.Build.0 = Development_Game|Win32
		{B0CB02DE-7CAE-4906-8FD6-9B564EBD2211}.Development|Win64.ActiveCfg = Development_Game|x64
		{B0CB02DE-7CAE-4906-8FD6-9B564EBD2211}.Development|Win64.Build.0 = Development_Game|x64
		{B0CB02DE-7CAE-4906-8FD6-9B564EBD2211}.Shipping|HTML5.ActiveCfg = HTML5_Shipping_Game|Win32
		{B0CB02DE-7CAE-4906-8FD6-9B564EBD2211}.Shipping|HTML5.Build.0 = HTML5_Shipping_Game|Win32
		{B0CB02DE-7CAE-4906-8FD6-9B564EBD2211}.Shipping|Win32.ActiveCfg = Shipping_Game|Win32
		{B0CB02DE-7CAE-4906-8FD6-9B564EBD2211}.Shipping|Win32.Build.0 = Shipping_Game|Win32
		{B0CB02DE-7CAE-4906-8FD6-9B564EBD2211}.Shipping|Win64.ActiveCfg = Shipping_Game|x64
		{B0CB02DE-7CAE-4906-8FD6-9B564EBD2211}.Shipping|Win64.Build.0 = Shipping_Game|x64
	EndGlobalSection
	GlobalSection(SolutionProperties) = preSolution
		HideSolutionNode = FALSE
	EndGlobalSection
	GlobalSection(NestedProjects) = preSolution
		{2A75AC30-6C87-43F6-8BC8-C994B9313078} = {89500E11-C45D-4453-8EF4-C2B41394A08C}
		{B0CB02DE-7CAE-4906-8FD6-9B564EBD2211} = {E95AEF7C-5D21-421E-96EB-5CF929B584A0}
	EndGlobalSection
	GlobalSection(ExtensibilityGlobals) = postSolution
		SolutionGuid = {DCB9D69F-6731-477E-8774-E6FE0BA88A95}
	EndGlobalSection
EndGlobal
